
Microsoft Visual Studio Solution File, Format Version 12.00
# Visual Studio Version 17
VisualStudioVersion = 17.5.33530.505
MinimumVisualStudioVersion = 10.0.40219.1
Project("{FAE04EC0-301F-11D3-BF4B-00C04F79EFBC}") = "Inheritance-1-HeroicHavoc", "Inheritance-1-HeroicHavoc\Inheritance-1-HeroicHavoc.csproj", "{31086E56-3A2C-4028-8FBD-CE591ED025FE}"
EndProject
Project("{FAE04EC0-301F-11D3-BF4B-00C04F79EFBC}") = "Polymorphism - Cat And Dog", "Polymorphism - Cat And Dog\Polymorphism - Cat And Dog.csproj", "{FB6C6B30-D213-4685-BA7C-09E59B3E52B4}"
EndProject
Global
	GlobalSection(SolutionConfigurationPlatforms) = preSolution
		Debug|Any CPU = Debug|Any CPU
		Release|Any CPU = Release|Any CPU
	EndGlobalSection
	GlobalSection(ProjectConfigurationPlatforms) = postSolution
		{31086E56-3A2C-4028-8FBD-CE591ED025FE}.Debug|Any CPU.ActiveCfg = Debug|Any CPU
		{31086E56-3A2C-4028-8FBD-CE591ED025FE}.Debug|Any CPU.Build.0 = Debug|Any CPU
		{31086E56-3A2C-4028-8FBD-CE591ED025FE}.Release|Any CPU.ActiveCfg = Release|Any CPU
		{31086E56-3A2C-4028-8FBD-CE591ED025FE}.Release|Any CPU.Build.0 = Release|Any CPU
		{FB6C6B30-D213-4685-BA7C-09E59B3E52B4}.Debug|Any CPU.ActiveCfg = Debug|Any CPU
		{FB6C6B30-D213-4685-BA7C-09E59B3E52B4}.Debug|Any CPU.Build.0 = Debug|Any CPU
		{FB6C6B30-D213-4685-BA7C-09E59B3E52B4}.Release|Any CPU.ActiveCfg = Release|Any CPU
		{FB6C6B30-D213-4685-BA7C-09E59B3E52B4}.Release|Any CPU.Build.0 = Release|Any CPU
	EndGlobalSection
	GlobalSection(SolutionProperties) = preSolution
		HideSolutionNode = FALSE
	EndGlobalSection
	GlobalSection(ExtensibilityGlobals) = postSolution
		SolutionGuid = {26723E43-7DB8-492E-85DA-4E999C660B18}
	EndGlobalSection
EndGlobal
